
Microsoft Visual Studio Solution File, Format Version 12.00
# Visual Studio Version 17
VisualStudioVersion = 17.14.36518.9
MinimumVisualStudioVersion = 10.0.40219.1
Project("{FAE04EC0-301F-11D3-BF4B-00C04F79EFBC}") = "MauiApp1UDV", "MauiApp1UDV\MauiApp1UDV.csproj", "{C619F5D2-44E3-4BB6-A79E-3198C62D5C4E}"
EndProject
Global
	GlobalSection(SolutionConfigurationPlatforms) = preSolution
		Debug|Any CPU = Debug|Any CPU
		Release|Any CPU = Release|Any CPU
	EndGlobalSection
	GlobalSection(ProjectConfigurationPlatforms) = postSolution
		{C619F5D2-44E3-4BB6-A79E-3198C62D5C4E}.Debug|Any CPU.ActiveCfg = Debug|Any CPU
		{C619F5D2-44E3-4BB6-A79E-3198C62D5C4E}.Debug|Any CPU.Build.0 = Debug|Any CPU
		{C619F5D2-44E3-4BB6-A79E-3198C62D5C4E}.Debug|Any CPU.Deploy.0 = Debug|Any CPU
		{C619F5D2-44E3-4BB6-A79E-3198C62D5C4E}.Release|Any CPU.ActiveCfg = Release|Any CPU
		{C619F5D2-44E3-4BB6-A79E-3198C62D5C4E}.Release|Any CPU.Build.0 = Release|Any CPU
	EndGlobalSection
	GlobalSection(SolutionProperties) = preSolution
		HideSolutionNode = FALSE
	EndGlobalSection
	GlobalSection(ExtensibilityGlobals) = postSolution
		SolutionGuid = {434DDC84-D199-4E9C-B39E-6C7E25E894FB}
	EndGlobalSection
EndGlobal
